
Microsoft Visual Studio Solution File, Format Version 12.00
# Visual Studio 15
VisualStudioVersion = 15.0.28307.329
MinimumVisualStudioVersion = 10.0.40219.1
Project("{FAE04EC0-301F-11D3-BF4B-00C04F79EFBC}") = "PersonnelManagementSystem", "personnel management system\PersonnelManagementSystem.csproj", "{A01F6262-C109-4899-9B9C-4FF95CD1B401}"
EndProject
Global
	GlobalSection(SolutionConfigurationPlatforms) = preSolution
		Debug|Any CPU = Debug|Any CPU
		Release|Any CPU = Release|Any CPU
	EndGlobalSection
	GlobalSection(ProjectConfigurationPlatforms) = postSolution
		{A01F6262-C109-4899-9B9C-4FF95CD1B401}.Debug|Any CPU.ActiveCfg = Debug|Any CPU
		{A01F6262-C109-4899-9B9C-4FF95CD1B401}.Debug|Any CPU.Build.0 = Debug|Any CPU
		{A01F6262-C109-4899-9B9C-4FF95CD1B401}.Release|Any CPU.ActiveCfg = Release|Any CPU
		{A01F6262-C109-4899-9B9C-4FF95CD1B401}.Release|Any CPU.Build.0 = Release|Any CPU
	EndGlobalSection
	GlobalSection(SolutionProperties) = preSolution
		HideSolutionNode = FALSE
	EndGlobalSection
	GlobalSection(ExtensibilityGlobals) = postSolution
		SolutionGuid = {0F38443D-9396-4AF3-9E9A-8F9279BB80F7}
	EndGlobalSection
EndGlobal
